// !$*UTF8*$!
{
	archiveVersion = 1;
	classes = {
	};
	objectVersion = 48;
	objects = {

/* Begin PBXBuildFile section */
		CF3CF6AD202AAD3C006A26E6 /* AppDelegate.m in Sources */ = {isa = PBXBuildFile; fileRef = CF3CF6AC202AAD3C006A26E6 /* AppDelegate.m */; };
		CF3CF6B0202AAD3C006A26E6 /* ViewController.m in Sources */ = {isa = PBXBuildFile; fileRef = CF3CF6AF202AAD3C006A26E6 /* ViewController.m */; };
		CF3CF6B3202AAD3C006A26E6 /* Main.storyboard in Resources */ = {isa = PBXBuildFile; fileRef = CF3CF6B1202AAD3C006A26E6 /* Main.storyboard */; };
		CF3CF6B5202AAD3C006A26E6 /* Assets.xcassets in Resources */ = {isa = PBXBuildFile; fileRef = CF3CF6B4202AAD3C006A26E6 /* Assets.xcassets */; };
		CF3CF6B8202AAD3C006A26E6 /* LaunchScreen.storyboard in Resources */ = {isa = PBXBuildFile; fileRef = CF3CF6B6202AAD3C006A26E6 /* LaunchScreen.storyboard */; };
		CF3CF6BB202AAD3C006A26E6 /* main.m in Sources */ = {isa = PBXBuildFile; fileRef = CF3CF6BA202AAD3C006A26E6 /* main.m */; };
/* End PBXBuildFile section */

/* Begin PBXFileReference section */
		CF3CF6A8202AAD3C006A26E6 /* ss.app */ = {isa = PBXFileReference; explicitFileType = wrapper.application; includeInIndex = 0; path = ss.app; sourceTree = BUILT_PRODUCTS_DIR; };
		CF3CF6AB202AAD3C006A26E6 /* AppDelegate.h */ = {isa = PBXFileReference; lastKnownFileType = sourcecode.c.h; path = AppDelegate.h; sourceTree = "<group>"; };
		CF3CF6AC202AAD3C006A26E6 /* AppDelegate.m */ = {isa = PBXFileReference; lastKnownFileType = sourcecode.c.objc; path = AppDelegate.m; sourceTree = "<group>"; };
		CF3CF6AE202AAD3C006A26E6 /* ViewController.h */ = {isa = PBXFileReference; lastKnownFileType = sourcecode.c.h; path = ViewController.h; sourceTree = "<group>"; };
		CF3CF6AF202AAD3C006A26E6 /* ViewController.m */ = {isa = PBXFileReference; lastKnownFileType = sourcecode.c.objc; path = ViewController.m; sourceTree = "<group>"; };
		CF3CF6B2202AAD3C006A26E6 /* Base */ = {isa = PBXFileReference; lastKnownFileType = file.storyboard; name = Base; path = Base.lproj/Main.storyboard; sourceTree = "<group>"; };
		CF3CF6B4202AAD3C006A26E6 /* Assets.xcassets */ = {isa = PBXFileReference; lastKnownFileType = folder.assetcatalog; path = Assets.xcassets; sourceTree = "<group>"; };
		CF3CF6B7202AAD3C006A26E6 /* Base */ = {isa = PBXFileReference; lastKnownFileType = file.storyboard; name = Base; path = Base.lproj/LaunchScreen.storyboard; sourceTree = "<group>"; };
		CF3CF6B9202AAD3C006A26E6 /* Info.plist */ = {isa = PBXFileReference; lastKnownFileType = text.plist.xml; path = Info.plist; sourceTree = "<group>"; };
		CF3CF6BA202AAD3C006A26E6 /* main.m */ = {isa = PBXFileReference; lastKnownFileType = sourcecode.c.objc; path = main.m; sourceTree = "<group>"; };
/* End PBXFileReference section */

/* Begin PBXFrameworksBuildPhase section */
		CF3CF6A5202AAD3C006A26E6 /* Frameworks */ = {
			isa = PBXFrameworksBuildPhase;
			buildActionMask = 2147483647;
			files = (
			);
			runOnlyForDeploymentPostprocessing = 0;
		};
/* End PBXFrameworksBuildPhase section */

/* Begin PBXGroup section */
		CF3CF69F202AAD3C006A26E6 = {
			isa = PBXGroup;
			children = (
				CF3CF6AA202AAD3C006A26E6 /* ss */,
				CF3CF6A9202AAD3C006A26E6 /* Products */,
			);
			sourceTree = "<group>";
		};
		CF3CF6A9202AAD3C006A26E6 /* Products */ = {
			isa = PBXGroup;
			children = (
				CF3CF6A8202AAD3C006A26E6 /* ss.app */,
			);
			name = Products;
			sourceTree = "<group>";
		};
		CF3CF6AA202AAD3C006A26E6 /* ss */ = {
			isa = PBXGroup;
			children = (
				CF3CF6AB202AAD3C006A26E6 /* AppDelegate.h */,
				CF3CF6AC202AAD3C006A26E6 /* AppDelegate.m */,
				CF3CF6AE202AAD3C006A26E6 /* ViewController.h */,
				CF3CF6AF202AAD3C006A26E6 /* ViewController.m */,
				CF3CF6B1202AAD3C006A26E6 /* Main.storyboard */,
				CF3CF6B4202AAD3C006A26E6 /* Assets.xcassets */,
				CF3CF6B6202AAD3C006A26E6 /* LaunchScreen.storyboard */,
				CF3CF6B9202AAD3C006A26E6 /* Info.plist */,
				CF3CF6BA202AAD3C006A26E6 /* main.m */,
			);
			path = ss;
			sourceTree = "<group>";
		};
/* End PBXGroup section */

/* Begin PBXNativeTarget section */
		CF3CF6A7202AAD3C006A26E6 /* ss */ = {
			isa = PBXNativeTarget;
			buildConfigurationList = CF3CF6BE202AAD3C006A26E6 /* Build configuration list for PBXNativeTarget "ss" */;
			buildPhases = (
				CF3CF6A4202AAD3C006A26E6 /* Sources */,
				CF3CF6A5202AAD3C006A26E6 /* Frameworks */,
				CF3CF6A6202AAD3C006A26E6 /* Resources */,
			);
			buildRules = (
			);
			dependencies = (
			);
			name = ss;
			productName = ss;
			productReference = CF3CF6A8202AAD3C006A26E6 /* ss.app */;
			productType = "com.apple.product-type.application";
		};
/* End PBXNativeTarget section */

/* Begin PBXProject section */
		CF3CF6A0202AAD3C006A26E6 /* Project object */ = {
			isa = PBXProject;
			attributes = {
				LastUpgradeCheck = 0920;
				ORGANIZATIONNAME = "谢汝";
				TargetAttributes = {
					CF3CF6A7202AAD3C006A26E6 = {
						CreatedOnToolsVersion = 9.2;
						ProvisioningStyle = Automatic;
					};
				};
			};
			buildConfigurationList = CF3CF6A3202AAD3C006A26E6 /* Build configuration list for PBXProject "ss" */;
			compatibilityVersion = "Xcode 8.0";
			developmentRegion = en;
			hasScannedForEncodings = 0;
			knownRegions = (
				en,
				Base,
			);
			mainGroup = CF3CF69F202AAD3C006A26E6;
			productRefGroup = CF3CF6A9202AAD3C006A26E6 /* Products */;
			projectDirPath = "";
			projectRoot = "";
			targets = (
				CF3CF6A7202AAD3C006A26E6 /* ss */,
			);
		};
/* End PBXProject section */

/* Begin PBXResourcesBuildPhase section */
		CF3CF6A6202AAD3C006A26E6 /* Resources */ = {
			isa = PBXResourcesBuildPhase;
			buildActionMask = 2147483647;
			files = (
				CF3CF6B8202AAD3C006A26E6 /* LaunchScreen.storyboard in Resources */,
				CF3CF6B5202AAD3C006A26E6 /* Assets.xcassets in Resources */,
				CF3CF6B3202AAD3C006A26E6 /* Main.storyboard in Resources */,
			);
			runOnlyForDeploymentPostprocessing = 0;
		};
/* End PBXResourcesBuildPhase section */

/* Begin PBXSourcesBuildPhase section */
		CF3CF6A4202AAD3C006A26E6 /* Sources */ = {
			isa = PBXSourcesBuildPhase;
			buildActionMask = 2147483647;
			files = (
				CF3CF6B0202AAD3C006A26E6 /* ViewController.m in Sources */,
				CF3CF6BB202AAD3C006A26E6 /* main.m in Sources */,
				CF3CF6AD202AAD3C006A26E6 /* AppDelegate.m in Sources */,
			);
			runOnlyForDeploymentPostprocessing = 0;
		};
/* End PBXSourcesBuildPhase section */

/* Begin PBXVariantGroup section */
		CF3CF6B1202AAD3C006A26E6 /* Main.storyboard */ = {
			isa = PBXVariantGroup;
			children = (
				CF3CF6B2202AAD3C006A26E6 /* Base */,
			);
			name = Main.storyboard;
			sourceTree = "<group>";
		};
		CF3CF6B6202AAD3C006A26E6 /* LaunchScreen.storyboard */ = {
			isa = PBXVariantGroup;
			children = (
				CF3CF6B7202AAD3C006A26E6 /* Base */,
			);
			name = LaunchScreen.storyboard;
			sourceTree = "<group>";
		};
/* End PBXVariantGroup section */

/* Begin XCBuildConfiguration section */
		CF3CF6BC202AAD3C006A26E6 /* Debug */ = {
			isa = XCBuildConfiguration;
			buildSettings = {
				ALWAYS_SEARCH_USER_PATHS = NO;
				CLANG_ANALYZER_NONNULL = YES;
				CLANG_ANALYZER_NUMBER_OBJECT_CONVERSION = YES_AGGRESSIVE;
				CLANG_CXX_LANGUAGE_STANDARD = "gnu++14";
				CLANG_CXX_LIBRARY = "libc++";
				CLANG_ENABLE_MODULES = YES;
				CLANG_ENABLE_OBJC_ARC = YES;
				CLANG_WARN_BLOCK_CAPTURE_AUTORELEASING = YES;
				CLANG_WARN_BOOL_CONVERSION = YES;
				CLANG_WARN_COMMA = YES;
				CLANG_WARN_CONSTANT_CONVERSION = YES;
				CLANG_WARN_DIRECT_OBJC_ISA_USAGE = YES_ERROR;
				CLANG_WARN_DOCUMENTATION_COMMENTS = YES;
				CLANG_WARN_EMPTY_BODY = YES;
				CLANG_WARN_ENUM_CONVERSION = YES;
				CLANG_WARN_INFINITE_RECURSION = YES;
				CLANG_WARN_INT_CONVERSION = YES;
				CLANG_WARN_NON_LITERAL_NULL_CONVERSION = YES;
				CLANG_WARN_OBJC_LITERAL_CONVERSION = YES;
				CLANG_WARN_OBJC_ROOT_CLASS = YES_ERROR;
				CLANG_WARN_RANGE_LOOP_ANALYSIS = YES;
				CLANG_WARN_STRICT_PROTOTYPES = YES;
				CLANG_WARN_SUSPICIOUS_MOVE = YES;
				CLANG_WARN_UNGUARDED_AVAILABILITY = YES_AGGRESSIVE;
				CLANG_WARN_UNREACHABLE_CODE = YES;
				CLANG_WARN__DUPLICATE_METHOD_MATCH = YES;
				CODE_SIGN_IDENTITY = "iPhone Developer";
				COPY_PHASE_STRIP = NO;
				DEBUG_INFORMATION_FORMAT = dwarf;
				ENABLE_STRICT_OBJC_MSGSEND = YES;
				ENABLE_TESTABILITY = YES;
				GCC_C_LANGUAGE_STANDARD = gnu11;
				GCC_DYNAMIC_NO_PIC = NO;
				GCC_NO_COMMON_BLOCKS = YES;
				GCC_OPTIMIZATION_LEVEL = 0;
				GCC_PREPROCESSOR_DEFINITIONS = (
					"DEBUG=1",
					"$(inherited)",
				);
				GCC_WARN_64_TO_32_BIT_CONVERSION = YES;
				GCC_WARN_ABOUT_RETURN_TYPE = YES_ERROR;
				GCC_WARN_UNDECLARED_SELECTOR = YES;
				GCC_WARN_UNINITIALIZED_AUTOS = YES_AGGRESSIVE;
				GCC_WARN_UNUSED_FUNCTION = YES;
				GCC_WARN_UNUSED_VARIABLE = YES;
				IPHONEOS_DEPLOYMENT_TARGET = 11.2;
				MTL_ENABLE_DEBUG_INFO = YES;
				ONLY_ACTIVE_ARCH = YES;
				SDKROOT = iphoneos;
			};
			name = Debug;
		};
		CF3CF6BD202AAD3C006A26E6 /* Release */ = {
			isa = XCBuildConfiguration;
			buildSettings = {
				ALWAYS_SEARCH_USER_PATHS = NO;
				CLANG_ANALYZER_NONNULL = YES;
				CLANG_ANALYZER_NUMBER_OBJECT_CONVERSION = YES_AGGRESSIVE;
				CLANG_CXX_LANGUAGE_STANDARD = "gnu++14";
				CLANG_CXX_LIBRARY = "libc++";
				CLANG_ENABLE_MODULES = YES;
				CLANG_ENABLE_OBJC_ARC = YES;
				CLANG_WARN_BLOCK_CAPTURE_AUTORELEASING = YES;
				CLANG_WARN_BOOL_CONVERSION = YES;
				CLANG_WARN_COMMA = YES;
				CLANG_WARN_CONSTANT_CONVERSION = YES;
				CLANG_WARN_DIRECT_OBJC_ISA_USAGE = YES_ERROR;
				CLANG_WARN_DOCUMENTATION_COMMENTS = YES;
				CLANG_WARN_EMPTY_BODY = YES;
				CLANG_WARN_ENUM_CONVERSION = YES;
				CLANG_WARN_INFINITE_RECURSION = YES;
				CLANG_WARN_INT_CONVERSION = YES;
				CLANG_WARN_NON_LITERAL_NULL_CONVERSION = YES;
				CLANG_WARN_OBJC_LITERAL_CONVERSION = YES;
				CLANG_WARN_OBJC_ROOT_CLASS = YES_ERROR;
				CLANG_WARN_RANGE_LOOP_ANALYSIS = YES;
				CLANG_WARN_STRICT_PROTOTYPES = YES;
				CLANG_WARN_SUSPICIOUS_MOVE = YES;
				CLANG_WARN_UNGUARDED_AVAILABILITY = YES_AGGRESSIVE;
				CLANG_WARN_UNREACHABLE_CODE = YES;
				CLANG_WARN__DUPLICATE_METHOD_MATCH = YES;
				CODE_SIGN_IDENTITY = "iPhone Developer";
				COPY_PHASE_STRIP = NO;
				DEBUG_INFORMATION_FORMAT = "dwarf-with-dsym";
				ENABLE_NS_ASSERTIONS = NO;
				ENABLE_STRICT_OBJC_MSGSEND = YES;
				GCC_C_LANGUAGE_STANDARD = gnu11;
				GCC_NO_COMMON_BLOCKS = YES;
				GCC_WARN_64_TO_32_BIT_CONVERSION = YES;
				GCC_WARN_ABOUT_RETURN_TYPE = YES_ERROR;
				GCC_WARN_UNDECLARED_SELECTOR = YES;
				GCC_WARN_UNINITIALIZED_AUTOS = YES_AGGRESSIVE;
				GCC_WARN_UNUSED_FUNCTION = YES;
				GCC_WARN_UNUSED_VARIABLE = YES;
				IPHONEOS_DEPLOYMENT_TARGET = 11.2;
				MTL_ENABLE_DEBUG_INFO = NO;
				SDKROOT = iphoneos;
				VALIDATE_PRODUCT = YES;
			};
			name = Release;
		};
		CF3CF6BF202AAD3C006A26E6 /* Debug */ = {
			isa = XCBuildConfiguration;
			buildSettings = {
				ASSETCATALOG_COMPILER_APPICON_NAME = AppIcon;
				CODE_SIGN_STYLE = Automatic;
				DEVELOPMENT_TEAM = WVSA339HRN;
				INFOPLIST_FILE = ss/Info.plist;
				LD_RUNPATH_SEARCH_PATHS = "$(inherited) @executable_path/Frameworks";
				PRODUCT_BUNDLE_IDENTIFIER = com.sheldon.worship.ss;
				PRODUCT_NAME = "$(TARGET_NAME)";
				TARGETED_DEVICE_FAMILY = "1,2";
			};
			name = Debug;
		};
		CF3CF6C0202AAD3C006A26E6 /* Release */ = {
			isa = XCBuildConfiguration;
			buildSettings = {
				ASSETCATALOG_COMPILER_APPICON_NAME = AppIcon;
				CODE_SIGN_STYLE = Automatic;
				DEVELOPMENT_TEAM = WVSA339HRN;
				INFOPLIST_FILE = ss/Info.plist;
				LD_RUNPATH_SEARCH_PATHS = "$(inherited) @executable_path/Frameworks";
				PRODUCT_BUNDLE_IDENTIFIER = com.sheldon.worship.ss;
				PRODUCT_NAME = "$(TARGET_NAME)";
				TARGETED_DEVICE_FAMILY = "1,2";
			};
			name = Release;
		};
/* End XCBuildConfiguration section */

/* Begin XCConfigurationList section */
		CF3CF6A3202AAD3C006A26E6 /* Build configuration list for PBXProject "ss" */ = {
			isa = XCConfigurationList;
			buildConfigurations = (
				CF3CF6BC202AAD3C006A26E6 /* Debug */,
				CF3CF6BD202AAD3C006A26E6 /* Release */,
			);
			defaultConfigurationIsVisible = 0;
			defaultConfigurationName = Release;
		};
		CF3CF6BE202AAD3C006A26E6 /* Build configuration list for PBXNativeTarget "ss" */ = {
			isa = XCConfigurationList;
			buildConfigurations = (
				CF3CF6BF202AAD3C006A26E6 /* Debug */,
				CF3CF6C0202AAD3C006A26E6 /* Release */,
			);
			defaultConfigurationIsVisible = 0;
			defaultConfigurationName = Release;
		};
/* End XCConfigurationList section */
	};
	rootObject = CF3CF6A0202AAD3C006A26E6 /* Project object */;
}
